
Microsoft Visual Studio Solution File, Format Version 12.00
# Visual Studio 15
VisualStudioVersion = 15.0.28307.329
MinimumVisualStudioVersion = 10.0.40219.1
Project("{FAE04EC0-301F-11D3-BF4B-00C04F79EFBC}") = "Lesson1", "Lesson1\Lesson1.csproj", "{396F476C-7BCA-4F67-998A-9B158E70BC7D}"
EndProject
Project("{FAE04EC0-301F-11D3-BF4B-00C04F79EFBC}") = "Lesson 2", "Lesson 2\Lesson 2.csproj", "{983ABCEF-8425-4339-B8B8-B87C3D27CD7F}"
EndProject
Project("{FAE04EC0-301F-11D3-BF4B-00C04F79EFBC}") = "Lesson3", "Lesson3\Lesson3.csproj", "{B30B7871-033F-4937-972A-534467B5FE71}"
EndProject
Project("{FAE04EC0-301F-11D3-BF4B-00C04F79EFBC}") = "Lesson4", "Lesson4\Lesson4.csproj", "{B2CA589C-9D3D-48A4-86F8-3A5FB38C135F}"
EndProject
Project("{FAE04EC0-301F-11D3-BF4B-00C04F79EFBC}") = "Lesson5", "Lesson5\Lesson5.csproj", "{6CF69B8B-3372-43A1-B745-5E0000BA518F}"
EndProject
Project("{FAE04EC0-301F-11D3-BF4B-00C04F79EFBC}") = "Lesson6", "Lesson6\Lesson6.csproj", "{58EDBA27-C439-4FAD-BEA0-43424A9488EF}"
EndProject
Global
	GlobalSection(SolutionConfigurationPlatforms) = preSolution
		Debug|Any CPU = Debug|Any CPU
		Release|Any CPU = Release|Any CPU
	EndGlobalSection
	GlobalSection(ProjectConfigurationPlatforms) = postSolution
		{396F476C-7BCA-4F67-998A-9B158E70BC7D}.Debug|Any CPU.ActiveCfg = Debug|Any CPU
		{396F476C-7BCA-4F67-998A-9B158E70BC7D}.Debug|Any CPU.Build.0 = Debug|Any CPU
		{396F476C-7BCA-4F67-998A-9B158E70BC7D}.Release|Any CPU.ActiveCfg = Release|Any CPU
		{396F476C-7BCA-4F67-998A-9B158E70BC7D}.Release|Any CPU.Build.0 = Release|Any CPU
		{983ABCEF-8425-4339-B8B8-B87C3D27CD7F}.Debug|Any CPU.ActiveCfg = Debug|Any CPU
		{983ABCEF-8425-4339-B8B8-B87C3D27CD7F}.Debug|Any CPU.Build.0 = Debug|Any CPU
		{983ABCEF-8425-4339-B8B8-B87C3D27CD7F}.Release|Any CPU.ActiveCfg = Release|Any CPU
		{983ABCEF-8425-4339-B8B8-B87C3D27CD7F}.Release|Any CPU.Build.0 = Release|Any CPU
		{B30B7871-033F-4937-972A-534467B5FE71}.Debug|Any CPU.ActiveCfg = Debug|Any CPU
		{B30B7871-033F-4937-972A-534467B5FE71}.Debug|Any CPU.Build.0 = Debug|Any CPU
		{B30B7871-033F-4937-972A-534467B5FE71}.Release|Any CPU.ActiveCfg = Release|Any CPU
		{B30B7871-033F-4937-972A-534467B5FE71}.Release|Any CPU.Build.0 = Release|Any CPU
		{B2CA589C-9D3D-48A4-86F8-3A5FB38C135F}.Debug|Any CPU.ActiveCfg = Debug|Any CPU
		{B2CA589C-9D3D-48A4-86F8-3A5FB38C135F}.Debug|Any CPU.Build.0 = Debug|Any CPU
		{B2CA589C-9D3D-48A4-86F8-3A5FB38C135F}.Release|Any CPU.ActiveCfg = Release|Any CPU
		{B2CA589C-9D3D-48A4-86F8-3A5FB38C135F}.Release|Any CPU.Build.0 = Release|Any CPU
		{6CF69B8B-3372-43A1-B745-5E0000BA518F}.Debug|Any CPU.ActiveCfg = Debug|Any CPU
		{6CF69B8B-3372-43A1-B745-5E0000BA518F}.Debug|Any CPU.Build.0 = Debug|Any CPU
		{6CF69B8B-3372-43A1-B745-5E0000BA518F}.Release|Any CPU.ActiveCfg = Release|Any CPU
		{6CF69B8B-3372-43A1-B745-5E0000BA518F}.Release|Any CPU.Build.0 = Release|Any CPU
		{58EDBA27-C439-4FAD-BEA0-43424A9488EF}.Debug|Any CPU.ActiveCfg = Debug|Any CPU
		{58EDBA27-C439-4FAD-BEA0-43424A9488EF}.Debug|Any CPU.Build.0 = Debug|Any CPU
		{58EDBA27-C439-4FAD-BEA0-43424A9488EF}.Release|Any CPU.ActiveCfg = Release|Any CPU
		{58EDBA27-C439-4FAD-BEA0-43424A9488EF}.Release|Any CPU.Build.0 = Release|Any CPU
	EndGlobalSection
	GlobalSection(SolutionProperties) = preSolution
		HideSolutionNode = FALSE
	EndGlobalSection
	GlobalSection(ExtensibilityGlobals) = postSolution
		SolutionGuid = {D8D8F2E6-2125-4E5E-9FD4-D687ABAEF8CE}
	EndGlobalSection
EndGlobal
