
Microsoft Visual Studio Solution File, Format Version 12.00
# Visual Studio 2013
VisualStudioVersion = 12.0.21005.1
MinimumVisualStudioVersion = 10.0.40219.1
Project("{FAE04EC0-301F-11D3-BF4B-00C04F79EFBC}") = "Lesson1", "Lesson1\Lesson1.csproj", "{396F476C-7BCA-4F67-998A-9B158E70BC7D}"
EndProject
Project("{FAE04EC0-301F-11D3-BF4B-00C04F79EFBC}") = "Lesson 2", "Lesson 2\Lesson 2.csproj", "{983ABCEF-8425-4339-B8B8-B87C3D27CD7F}"
EndProject
Project("{FAE04EC0-301F-11D3-BF4B-00C04F79EFBC}") = "Lesson3", "Lesson3\Lesson3.csproj", "{B30B7871-033F-4937-972A-534467B5FE71}"
EndProject
Project("{FAE04EC0-301F-11D3-BF4B-00C04F79EFBC}") = "Lesson4", "Lesson4\Lesson4.csproj", "{B2CA589C-9D3D-48A4-86F8-3A5FB38C135F}"
EndProject
Global
	GlobalSection(SolutionConfigurationPlatforms) = preSolution
		Debug|Any CPU = Debug|Any CPU
		Release|Any CPU = Release|Any CPU
	EndGlobalSection
	GlobalSection(ProjectConfigurationPlatforms) = postSolution
		{396F476C-7BCA-4F67-998A-9B158E70BC7D}.Debug|Any CPU.ActiveCfg = Debug|Any CPU
		{396F476C-7BCA-4F67-998A-9B158E70BC7D}.Debug|Any CPU.Build.0 = Debug|Any CPU
		{396F476C-7BCA-4F67-998A-9B158E70BC7D}.Release|Any CPU.ActiveCfg = Release|Any CPU
		{396F476C-7BCA-4F67-998A-9B158E70BC7D}.Release|Any CPU.Build.0 = Release|Any CPU
		{983ABCEF-8425-4339-B8B8-B87C3D27CD7F}.Debug|Any CPU.ActiveCfg = Debug|Any CPU
		{983ABCEF-8425-4339-B8B8-B87C3D27CD7F}.Debug|Any CPU.Build.0 = Debug|Any CPU
		{983ABCEF-8425-4339-B8B8-B87C3D27CD7F}.Release|Any CPU.ActiveCfg = Release|Any CPU
		{983ABCEF-8425-4339-B8B8-B87C3D27CD7F}.Release|Any CPU.Build.0 = Release|Any CPU
		{B30B7871-033F-4937-972A-534467B5FE71}.Debug|Any CPU.ActiveCfg = Debug|Any CPU
		{B30B7871-033F-4937-972A-534467B5FE71}.Debug|Any CPU.Build.0 = Debug|Any CPU
		{B30B7871-033F-4937-972A-534467B5FE71}.Release|Any CPU.ActiveCfg = Release|Any CPU
		{B30B7871-033F-4937-972A-534467B5FE71}.Release|Any CPU.Build.0 = Release|Any CPU
		{B2CA589C-9D3D-48A4-86F8-3A5FB38C135F}.Debug|Any CPU.ActiveCfg = Debug|Any CPU
		{B2CA589C-9D3D-48A4-86F8-3A5FB38C135F}.Debug|Any CPU.Build.0 = Debug|Any CPU
		{B2CA589C-9D3D-48A4-86F8-3A5FB38C135F}.Release|Any CPU.ActiveCfg = Release|Any CPU
		{B2CA589C-9D3D-48A4-86F8-3A5FB38C135F}.Release|Any CPU.Build.0 = Release|Any CPU
	EndGlobalSection
	GlobalSection(SolutionProperties) = preSolution
		HideSolutionNode = FALSE
	EndGlobalSection
EndGlobal
